<?xml version="1.0" encoding="utf-8"?>
<Project ToolsVersion="4.0" xmlns="http://schemas.microsoft.com/developer/msbuild/2003">
  <ItemGroup>
    <Filter Include="Source Files">
      <UniqueIdentifier>{4FC737F1-C7A5-4376-A066-2A32D752A2FF}</UniqueIdentifier>
      <Extensions>cpp;c;cc;cxx;def;odl;idl;hpj;bat;asm;asmx</Extensions>
    </Filter>
    <Filter Include="Header Files">
      <UniqueIdentifier>{93995380-89BD-4b04-88EB-625FBE52EBFB}</UniqueIdentifier>
      <Extensions>h;hh;hpp;hxx;hm;inl;inc;ipp;xsd</Extensions>
    </Filter>
    <Filter Include="Resource Files">
      <UniqueIdentifier>{67DA6AB6-F800-4c08-8B7A-83BB121AAD01}</UniqueIdentifier>
      <Extensions>rc;ico;cur;bmp;dlg;rc2;rct;bin;rgs;gif;jpg;jpeg;jpe;resx;tiff;tif;png;wav;mfcribbon-ms</Extensions>
    </Filter>
    <Filter Include="Shaders">
      <UniqueIdentifier>{e76f01f5-08db-40d4-8720-b5b21f7ec0a3}</UniqueIdentifier>
    </Filter>
    <Filter Include="Common">
      <UniqueIdentifier>{c3d86b62-73a7-47c9-92b5-0796da4ee31b}</UniqueIdentifier>
    </Filter>
    <Filter Include="Common\ImGui">
      <UniqueIdentifier>{56be53d5-2bf3-4e93-8492-a1754be36c76}</UniqueIdentifier>
    </Filter>
    <Filter Include="Common\json">
      <UniqueIdentifier>{36232658-3498-47c4-bf89-8a192a7087c6}</UniqueIdentifier>
    </Filter>
  </ItemGroup>
  <ItemGroup>
    <ClCompile Include="DXCore.cpp">
      <Filter>Source Files</Filter>
    </ClCompile>
    <ClCompile Include="Game.cpp">
      <Filter>Source Files</Filter>
    </ClCompile>
    <ClCompile Include="Main.cpp">
      <Filter>Source Files</Filter>
    </ClCompile>
    <ClCompile Include="Mesh.cpp">
      <Filter>Source Files</Filter>
    </ClCompile>
    <ClCompile Include="GameEntity.cpp">
      <Filter>Source Files</Filter>
    </ClCompile>
    <ClCompile Include="Transform.cpp">
      <Filter>Source Files</Filter>
    </ClCompile>
    <ClCompile Include="Camera.cpp">
      <Filter>Source Files</Filter>
    </ClCompile>
    <ClCompile Include="SimpleShader.cpp">
      <Filter>Source Files</Filter>
    </ClCompile>
    <ClCompile Include="Material.cpp">
      <Filter>Source Files</Filter>
    </ClCompile>
    <ClCompile Include="Sky.cpp">
      <Filter>Source Files</Filter>
    </ClCompile>
    <ClCompile Include="Input.cpp">
      <Filter>Source Files</Filter>
    </ClCompile>
    <ClCompile Include="Helpers.cpp">
      <Filter>Source Files</Filter>
    </ClCompile>
    <ClCompile Include="Assets.cpp">
      <Filter>Source Files</Filter>
    </ClCompile>
    <ClCompile Include="Scene.cpp">
      <Filter>Source Files</Filter>
    </ClCompile>
    <ClCompile Include="..\..\Common\ImGui\imgui.cpp">
      <Filter>Common\ImGui</Filter>
    </ClCompile>
    <ClCompile Include="..\..\Common\ImGui\imgui_demo.cpp">
      <Filter>Common\ImGui</Filter>
    </ClCompile>
    <ClCompile Include="..\..\Common\ImGui\imgui_draw.cpp">
      <Filter>Common\ImGui</Filter>
    </ClCompile>
    <ClCompile Include="..\..\Common\ImGui\imgui_impl_dx11.cpp">
      <Filter>Common\ImGui</Filter>
    </ClCompile>
    <ClCompile Include="..\..\Common\ImGui\imgui_impl_win32.cpp">
      <Filter>Common\ImGui</Filter>
    </ClCompile>
    <ClCompile Include="..\..\Common\ImGui\imgui_tables.cpp">
      <Filter>Common\ImGui</Filter>
    </ClCompile>
    <ClCompile Include="..\..\Common\ImGui\imgui_widgets.cpp">
      <Filter>Common\ImGui</Filter>
    </ClCompile>
    <ClCompile Include="Renderer.cpp">
      <Filter>Source Files</Filter>
    </ClCompile>
  </ItemGroup>
  <ItemGroup>
    <ClInclude Include="Vertex.h">
      <Filter>Header Files</Filter>
    </ClInclude>
    <ClInclude Include="DXCore.h">
      <Filter>Header Files</Filter>
    </ClInclude>
    <ClInclude Include="Game.h">
      <Filter>Header Files</Filter>
    </ClInclude>
    <ClInclude Include="Mesh.h">
      <Filter>Header Files</Filter>
    </ClInclude>
    <ClInclude Include="GameEntity.h">
      <Filter>Header Files</Filter>
    </ClInclude>
    <ClInclude Include="Transform.h">
      <Filter>Header Files</Filter>
    </ClInclude>
    <ClInclude Include="Camera.h">
      <Filter>Header Files</Filter>
    </ClInclude>
    <ClInclude Include="SimpleShader.h">
      <Filter>Header Files</Filter>
    </ClInclude>
    <ClInclude Include="Material.h">
      <Filter>Header Files</Filter>
    </ClInclude>
    <ClInclude Include="Lights.h">
      <Filter>Header Files</Filter>
    </ClInclude>
    <ClInclude Include="Sky.h">
      <Filter>Header Files</Filter>
    </ClInclude>
    <ClInclude Include="Input.h">
      <Filter>Header Files</Filter>
    </ClInclude>
    <ClInclude Include="Helpers.h">
      <Filter>Header Files</Filter>
    </ClInclude>
    <ClInclude Include="Assets.h">
      <Filter>Header Files</Filter>
    </ClInclude>
    <ClInclude Include="Scene.h">
      <Filter>Header Files</Filter>
    </ClInclude>
    <ClInclude Include="..\..\Common\ImGui\imconfig.h">
      <Filter>Common\ImGui</Filter>
    </ClInclude>
    <ClInclude Include="..\..\Common\ImGui\imgui.h">
      <Filter>Common\ImGui</Filter>
    </ClInclude>
    <ClInclude Include="..\..\Common\ImGui\imgui_impl_dx11.h">
      <Filter>Common\ImGui</Filter>
    </ClInclude>
    <ClInclude Include="..\..\Common\ImGui\imgui_impl_win32.h">
      <Filter>Common\ImGui</Filter>
    </ClInclude>
    <ClInclude Include="..\..\Common\ImGui\imgui_internal.h">
      <Filter>Common\ImGui</Filter>
    </ClInclude>
    <ClInclude Include="..\..\Common\ImGui\imstb_rectpack.h">
      <Filter>Common\ImGui</Filter>
    </ClInclude>
    <ClInclude Include="..\..\Common\ImGui\imstb_textedit.h">
      <Filter>Common\ImGui</Filter>
    </ClInclude>
    <ClInclude Include="..\..\Common\ImGui\imstb_truetype.h">
      <Filter>Common\ImGui</Filter>
    </ClInclude>
    <ClInclude Include="..\..\Common\json\json.hpp">
      <Filter>Common\json</Filter>
    </ClInclude>
    <ClInclude Include="Renderer.h">
      <Filter>Header Files</Filter>
    </ClInclude>
  </ItemGroup>
  <ItemGroup>
    <None Include="packages.config" />
    <None Include="Lighting.hlsli">
      <Filter>Shaders</Filter>
    </None>
  </ItemGroup>
  <ItemGroup>
    <FxCompile Include="PixelShader.hlsl">
      <Filter>Shaders</Filter>
    </FxCompile>
    <FxCompile Include="VertexShader.hlsl">
      <Filter>Shaders</Filter>
    </FxCompile>
    <FxCompile Include="PixelShaderPBR.hlsl">
      <Filter>Shaders</Filter>
    </FxCompile>
    <FxCompile Include="SolidColorPS.hlsl">
      <Filter>Shaders</Filter>
    </FxCompile>
    <FxCompile Include="SkyPS.hlsl">
      <Filter>Shaders</Filter>
    </FxCompile>
    <FxCompile Include="SkyVS.hlsl">
      <Filter>Shaders</Filter>
    </FxCompile>
  </ItemGroup>
</Project>